
Microsoft Visual Studio Solution File, Format Version 12.00
# Visual Studio Version 17
VisualStudioVersion = 17.9.34723.18
MinimumVisualStudioVersion = 10.0.40219.1
Project("{2150E333-8FDC-42A3-9474-1A3956D46DE8}") = "Application Business Rules", "Application Business Rules", "{168ED417-16AB-44EC-8C08-916726177FCF}"
EndProject
Project("{2150E333-8FDC-42A3-9474-1A3956D46DE8}") = "Enterprise Business Rules", "Enterprise Business Rules", "{A00A090E-3CD4-41B5-9EBD-612746589668}"
EndProject
Project("{2150E333-8FDC-42A3-9474-1A3956D46DE8}") = "Interface Adapters", "Interface Adapters", "{A581C3AC-9C23-45C4-BFE8-CA77F94D97A4}"
EndProject
Project("{2150E333-8FDC-42A3-9474-1A3956D46DE8}") = "Frameworks And Drivers", "Frameworks And Drivers", "{8D5F8CCB-11DD-4DBF-BF5D-B3D95B6B5902}"
EndProject
Project("{9A19103F-16F7-4668-BE54-9A1E7A4F7556}") = "NorthWind.Entities", "NorthWind.Entities\NorthWind.Entities.csproj", "{2AAAF70C-427D-4AB3-BF6C-96E1136EA201}"
EndProject
Project("{2150E333-8FDC-42A3-9474-1A3956D46DE8}") = "Gateways", "Gateways", "{F10DDF39-FDC1-4637-A85D-266645650507}"
EndProject
Project("{FAE04EC0-301F-11D3-BF4B-00C04F79EFBC}") = "NorthWind.Repositories.EFCore", "NorthWind.Repositories.EFCore\NorthWind.Repositories.EFCore.csproj", "{F1989D6B-32B6-4145-B193-D2F6468E6F33}"
EndProject
Project("{FAE04EC0-301F-11D3-BF4B-00C04F79EFBC}") = "NorthWind.UseCasesDTOs", "NorthWind.UseCasesDTOs\NorthWind.UseCasesDTOs.csproj", "{F3C91E8A-0976-4B2B-90A5-15792F11611C}"
EndProject
Project("{FAE04EC0-301F-11D3-BF4B-00C04F79EFBC}") = "NorthWind.UseCases", "NorthWind.UseCases\NorthWind.UseCases.csproj", "{389B5E6D-1C4A-4278-B197-00B27C7B5DD9}"
EndProject
Project("{FAE04EC0-301F-11D3-BF4B-00C04F79EFBC}") = "NorthWind.loC", "NorthWind.loC\NorthWind.loC.csproj", "{316F58AE-7E69-4459-A2D1-741A84DD0573}"
EndProject
Global
	GlobalSection(SolutionConfigurationPlatforms) = preSolution
		Debug|Any CPU = Debug|Any CPU
		Release|Any CPU = Release|Any CPU
	EndGlobalSection
	GlobalSection(ProjectConfigurationPlatforms) = postSolution
		{2AAAF70C-427D-4AB3-BF6C-96E1136EA201}.Debug|Any CPU.ActiveCfg = Debug|Any CPU
		{2AAAF70C-427D-4AB3-BF6C-96E1136EA201}.Debug|Any CPU.Build.0 = Debug|Any CPU
		{2AAAF70C-427D-4AB3-BF6C-96E1136EA201}.Release|Any CPU.ActiveCfg = Release|Any CPU
		{2AAAF70C-427D-4AB3-BF6C-96E1136EA201}.Release|Any CPU.Build.0 = Release|Any CPU
		{F1989D6B-32B6-4145-B193-D2F6468E6F33}.Debug|Any CPU.ActiveCfg = Debug|Any CPU
		{F1989D6B-32B6-4145-B193-D2F6468E6F33}.Debug|Any CPU.Build.0 = Debug|Any CPU
		{F1989D6B-32B6-4145-B193-D2F6468E6F33}.Release|Any CPU.ActiveCfg = Release|Any CPU
		{F1989D6B-32B6-4145-B193-D2F6468E6F33}.Release|Any CPU.Build.0 = Release|Any CPU
		{F3C91E8A-0976-4B2B-90A5-15792F11611C}.Debug|Any CPU.ActiveCfg = Debug|Any CPU
		{F3C91E8A-0976-4B2B-90A5-15792F11611C}.Debug|Any CPU.Build.0 = Debug|Any CPU
		{F3C91E8A-0976-4B2B-90A5-15792F11611C}.Release|Any CPU.ActiveCfg = Release|Any CPU
		{F3C91E8A-0976-4B2B-90A5-15792F11611C}.Release|Any CPU.Build.0 = Release|Any CPU
		{389B5E6D-1C4A-4278-B197-00B27C7B5DD9}.Debug|Any CPU.ActiveCfg = Debug|Any CPU
		{389B5E6D-1C4A-4278-B197-00B27C7B5DD9}.Debug|Any CPU.Build.0 = Debug|Any CPU
		{389B5E6D-1C4A-4278-B197-00B27C7B5DD9}.Release|Any CPU.ActiveCfg = Release|Any CPU
		{389B5E6D-1C4A-4278-B197-00B27C7B5DD9}.Release|Any CPU.Build.0 = Release|Any CPU
		{316F58AE-7E69-4459-A2D1-741A84DD0573}.Debug|Any CPU.ActiveCfg = Debug|Any CPU
		{316F58AE-7E69-4459-A2D1-741A84DD0573}.Debug|Any CPU.Build.0 = Debug|Any CPU
		{316F58AE-7E69-4459-A2D1-741A84DD0573}.Release|Any CPU.ActiveCfg = Release|Any CPU
		{316F58AE-7E69-4459-A2D1-741A84DD0573}.Release|Any CPU.Build.0 = Release|Any CPU
	EndGlobalSection
	GlobalSection(SolutionProperties) = preSolution
		HideSolutionNode = FALSE
	EndGlobalSection
	GlobalSection(NestedProjects) = preSolution
		{2AAAF70C-427D-4AB3-BF6C-96E1136EA201} = {A00A090E-3CD4-41B5-9EBD-612746589668}
		{F10DDF39-FDC1-4637-A85D-266645650507} = {A581C3AC-9C23-45C4-BFE8-CA77F94D97A4}
		{F1989D6B-32B6-4145-B193-D2F6468E6F33} = {F10DDF39-FDC1-4637-A85D-266645650507}
		{F3C91E8A-0976-4B2B-90A5-15792F11611C} = {168ED417-16AB-44EC-8C08-916726177FCF}
		{389B5E6D-1C4A-4278-B197-00B27C7B5DD9} = {168ED417-16AB-44EC-8C08-916726177FCF}
		{316F58AE-7E69-4459-A2D1-741A84DD0573} = {A581C3AC-9C23-45C4-BFE8-CA77F94D97A4}
	EndGlobalSection
	GlobalSection(ExtensibilityGlobals) = postSolution
		SolutionGuid = {11BC848C-ECAF-4256-B7C5-D31366974369}
	EndGlobalSection
EndGlobal
